
Microsoft Visual Studio Solution File, Format Version 12.00
# Visual Studio Version 17
VisualStudioVersion = 17.7.34202.233
MinimumVisualStudioVersion = 10.0.40219.1
Project("{FAE04EC0-301F-11D3-BF4B-00C04F79EFBC}") = "Prj_RentEase", "Prj_RentEase.csproj", "{79B153B9-3BD1-4D3A-B731-96832D54DF90}"
EndProject
Global
	GlobalSection(SolutionConfigurationPlatforms) = preSolution
		Debug|Any CPU = Debug|Any CPU
		Release|Any CPU = Release|Any CPU
	EndGlobalSection
	GlobalSection(ProjectConfigurationPlatforms) = postSolution
		{79B153B9-3BD1-4D3A-B731-96832D54DF90}.Debug|Any CPU.ActiveCfg = Debug|Any CPU
		{79B153B9-3BD1-4D3A-B731-96832D54DF90}.Debug|Any CPU.Build.0 = Debug|Any CPU
		{79B153B9-3BD1-4D3A-B731-96832D54DF90}.Release|Any CPU.ActiveCfg = Release|Any CPU
		{79B153B9-3BD1-4D3A-B731-96832D54DF90}.Release|Any CPU.Build.0 = Release|Any CPU
	EndGlobalSection
	GlobalSection(SolutionProperties) = preSolution
		HideSolutionNode = FALSE
	EndGlobalSection
	GlobalSection(ExtensibilityGlobals) = postSolution
		SolutionGuid = {C2E49261-4846-4740-AF0D-20612C9A50DE}
	EndGlobalSection
EndGlobal
